
Microsoft Visual Studio Solution File, Format Version 12.00
# Visual Studio 15
Project("{FAE04EC0-301F-11D3-BF4B-00C04F79EFBC}") = "Assembly-CSharp", "Assembly-CSharp.csproj", "{784F03B1-72D3-F92A-5A1C-364286EA2ADF}"
EndProject
Project("{FAE04EC0-301F-11D3-BF4B-00C04F79EFBC}") = "Assembly-CSharp-Editor", "Assembly-CSharp-Editor.csproj", "{4A96C209-B5A3-59E3-1854-4548E53DBF1D}"
EndProject
Global
	GlobalSection(SolutionConfigurationPlatforms) = preSolution
		Debug|Any CPU = Debug|Any CPU
		Release|Any CPU = Release|Any CPU
	EndGlobalSection
	GlobalSection(ProjectConfigurationPlatforms) = postSolution
		{784F03B1-72D3-F92A-5A1C-364286EA2ADF}.Debug|Any CPU.ActiveCfg = Debug|Any CPU
		{784F03B1-72D3-F92A-5A1C-364286EA2ADF}.Debug|Any CPU.Build.0 = Debug|Any CPU
		{784F03B1-72D3-F92A-5A1C-364286EA2ADF}.Release|Any CPU.ActiveCfg = Release|Any CPU
		{784F03B1-72D3-F92A-5A1C-364286EA2ADF}.Release|Any CPU.Build.0 = Release|Any CPU
		{4A96C209-B5A3-59E3-1854-4548E53DBF1D}.Debug|Any CPU.ActiveCfg = Debug|Any CPU
		{4A96C209-B5A3-59E3-1854-4548E53DBF1D}.Debug|Any CPU.Build.0 = Debug|Any CPU
		{4A96C209-B5A3-59E3-1854-4548E53DBF1D}.Release|Any CPU.ActiveCfg = Release|Any CPU
		{4A96C209-B5A3-59E3-1854-4548E53DBF1D}.Release|Any CPU.Build.0 = Release|Any CPU
	EndGlobalSection
	GlobalSection(SolutionProperties) = preSolution
		HideSolutionNode = FALSE
	EndGlobalSection
EndGlobal
